
Microsoft Visual Studio Solution File, Format Version 12.00
# Visual Studio 15
VisualStudioVersion = 15.0.28307.1705
MinimumVisualStudioVersion = 10.0.40219.1
Project("{FAE04EC0-301F-11D3-BF4B-00C04F79EFBC}") = "Oyonn", "Oyonn\Oyonn.csproj", "{A0F72B64-DB14-4818-BA8F-ADCC059C9981}"
EndProject
Project("{FAE04EC0-301F-11D3-BF4B-00C04F79EFBC}") = "OyonnAPI", "OyonnAPI\OyonnAPI.csproj", "{99F9142A-5C84-4230-83BA-CBE31FEB24FB}"
EndProject
Project("{FAE04EC0-301F-11D3-BF4B-00C04F79EFBC}") = "OyonnBL", "OyonnBL\OyonnBL.csproj", "{75D7BE28-73D0-49C5-821D-5823E7502EB8}"
EndProject
Global
	GlobalSection(SolutionConfigurationPlatforms) = preSolution
		Debug|Any CPU = Debug|Any CPU
		Release|Any CPU = Release|Any CPU
	EndGlobalSection
	GlobalSection(ProjectConfigurationPlatforms) = postSolution
		{A0F72B64-DB14-4818-BA8F-ADCC059C9981}.Debug|Any CPU.ActiveCfg = Debug|Any CPU
		{A0F72B64-DB14-4818-BA8F-ADCC059C9981}.Debug|Any CPU.Build.0 = Debug|Any CPU
		{A0F72B64-DB14-4818-BA8F-ADCC059C9981}.Release|Any CPU.ActiveCfg = Release|Any CPU
		{A0F72B64-DB14-4818-BA8F-ADCC059C9981}.Release|Any CPU.Build.0 = Release|Any CPU
		{99F9142A-5C84-4230-83BA-CBE31FEB24FB}.Debug|Any CPU.ActiveCfg = Debug|Any CPU
		{99F9142A-5C84-4230-83BA-CBE31FEB24FB}.Debug|Any CPU.Build.0 = Debug|Any CPU
		{99F9142A-5C84-4230-83BA-CBE31FEB24FB}.Release|Any CPU.ActiveCfg = Release|Any CPU
		{99F9142A-5C84-4230-83BA-CBE31FEB24FB}.Release|Any CPU.Build.0 = Release|Any CPU
		{75D7BE28-73D0-49C5-821D-5823E7502EB8}.Debug|Any CPU.ActiveCfg = Debug|Any CPU
		{75D7BE28-73D0-49C5-821D-5823E7502EB8}.Debug|Any CPU.Build.0 = Debug|Any CPU
		{75D7BE28-73D0-49C5-821D-5823E7502EB8}.Release|Any CPU.ActiveCfg = Release|Any CPU
		{75D7BE28-73D0-49C5-821D-5823E7502EB8}.Release|Any CPU.Build.0 = Release|Any CPU
	EndGlobalSection
	GlobalSection(SolutionProperties) = preSolution
		HideSolutionNode = FALSE
	EndGlobalSection
	GlobalSection(ExtensibilityGlobals) = postSolution
		SolutionGuid = {D353B5C2-DAFA-4C44-A3B5-D6605A29A2A4}
	EndGlobalSection
EndGlobal
